
Microsoft Visual Studio Solution File, Format Version 12.00
# Visual Studio 2012
Project("{FAE04EC0-301F-11D3-BF4B-00C04F79EFBC}") = "Quick5", "Quick5\Quick5.csproj", "{34E42F47-C4D0-47F9-ABC3-E3A31759B648}"
EndProject
Project("{FAE04EC0-301F-11D3-BF4B-00C04F79EFBC}") = "Quick5.Tests", "Quick5.Tests\Quick5.Tests.csproj", "{904E2649-7C3D-4268-BC57-198303027ED6}"
EndProject
Global
	GlobalSection(SolutionConfigurationPlatforms) = preSolution
		Debug|Any CPU = Debug|Any CPU
		Release|Any CPU = Release|Any CPU
	EndGlobalSection
	GlobalSection(ProjectConfigurationPlatforms) = postSolution
		{34E42F47-C4D0-47F9-ABC3-E3A31759B648}.Debug|Any CPU.ActiveCfg = Debug|Any CPU
		{34E42F47-C4D0-47F9-ABC3-E3A31759B648}.Debug|Any CPU.Build.0 = Debug|Any CPU
		{34E42F47-C4D0-47F9-ABC3-E3A31759B648}.Release|Any CPU.ActiveCfg = Release|Any CPU
		{34E42F47-C4D0-47F9-ABC3-E3A31759B648}.Release|Any CPU.Build.0 = Release|Any CPU
		{904E2649-7C3D-4268-BC57-198303027ED6}.Debug|Any CPU.ActiveCfg = Debug|Any CPU
		{904E2649-7C3D-4268-BC57-198303027ED6}.Debug|Any CPU.Build.0 = Debug|Any CPU
		{904E2649-7C3D-4268-BC57-198303027ED6}.Release|Any CPU.ActiveCfg = Release|Any CPU
		{904E2649-7C3D-4268-BC57-198303027ED6}.Release|Any CPU.Build.0 = Release|Any CPU
	EndGlobalSection
	GlobalSection(SolutionProperties) = preSolution
		HideSolutionNode = FALSE
	EndGlobalSection
EndGlobal
